
Microsoft Visual Studio Solution File, Format Version 12.00
# Visual Studio Version 16
VisualStudioVersion = 16.0.32228.343
MinimumVisualStudioVersion = 10.0.40219.1
Project("{FAE04EC0-301F-11D3-BF4B-00C04F79EFBC}") = "Whirlpool", "Whirlpool\Whirlpool.csproj", "{7AF07FD4-7234-4E2C-BA31-8280051BE79D}"
EndProject
Global
	GlobalSection(SolutionConfigurationPlatforms) = preSolution
		Debug|Any CPU = Debug|Any CPU
		Release|Any CPU = Release|Any CPU
	EndGlobalSection
	GlobalSection(ProjectConfigurationPlatforms) = postSolution
		{7AF07FD4-7234-4E2C-BA31-8280051BE79D}.Debug|Any CPU.ActiveCfg = Debug|Any CPU
		{7AF07FD4-7234-4E2C-BA31-8280051BE79D}.Debug|Any CPU.Build.0 = Debug|Any CPU
		{7AF07FD4-7234-4E2C-BA31-8280051BE79D}.Release|Any CPU.ActiveCfg = Release|Any CPU
		{7AF07FD4-7234-4E2C-BA31-8280051BE79D}.Release|Any CPU.Build.0 = Release|Any CPU
	EndGlobalSection
	GlobalSection(SolutionProperties) = preSolution
		HideSolutionNode = FALSE
	EndGlobalSection
	GlobalSection(ExtensibilityGlobals) = postSolution
		SolutionGuid = {87BF9836-80B7-4461-8A02-0FBA3F24E25D}
	EndGlobalSection
EndGlobal
